
Microsoft Visual Studio Solution File, Format Version 12.00
# Visual Studio 15
VisualStudioVersion = 15.0.28307.757
MinimumVisualStudioVersion = 10.0.40219.1
Project("{9A19103F-16F7-4668-BE54-9A1E7A4F7556}") = "RabbitMQ _Send", "RabbitMQ _Send\RabbitMQ _Send.csproj", "{D0298B75-93D0-478D-B63F-F2C0DDD808AD}"
EndProject
Project("{9A19103F-16F7-4668-BE54-9A1E7A4F7556}") = "RabbitMQ_Receive", "RabbitMQ_Receive\RabbitMQ_Receive.csproj", "{3429F1C5-D359-4C17-B492-2AFB73E5778E}"
EndProject
Project("{2150E333-8FDC-42A3-9474-1A3956D46DE8}") = "1. Hello World!", "1. Hello World!", "{E2224AF6-14B4-4851-88C3-7E329051C1B4}"
EndProject
Project("{2150E333-8FDC-42A3-9474-1A3956D46DE8}") = "2. Work queues", "2. Work queues", "{1637B037-3EF9-438F-B780-6FC0ADBE8088}"
EndProject
Project("{2150E333-8FDC-42A3-9474-1A3956D46DE8}") = "3. Publish_Subscribe", "3. Publish_Subscribe", "{258C24DD-E81D-4499-845F-E5330D3D4FD2}"
EndProject
Project("{2150E333-8FDC-42A3-9474-1A3956D46DE8}") = "4. Routing", "4. Routing", "{0B6BFA00-BEAE-4B1F-A35F-C6DFF3126D16}"
EndProject
Project("{2150E333-8FDC-42A3-9474-1A3956D46DE8}") = "5. Topics", "5. Topics", "{D9AC2AB7-05E7-438B-BC1B-97CC513BA722}"
EndProject
Project("{2150E333-8FDC-42A3-9474-1A3956D46DE8}") = "6. RPC", "6. RPC", "{AED403A5-C7E7-4E3F-ADED-00A634E27FF4}"
EndProject
Project("{9A19103F-16F7-4668-BE54-9A1E7A4F7556}") = "Sending", "Sending\Sending.csproj", "{31A2785D-D7CD-465B-8A4E-A7A5227E2D5D}"
EndProject
Project("{9A19103F-16F7-4668-BE54-9A1E7A4F7556}") = "Receiving", "Receiving\Receiving.csproj", "{4E3F9D2D-E625-4A54-95EB-14880FD9DA8E}"
EndProject
Project("{9A19103F-16F7-4668-BE54-9A1E7A4F7556}") = "NewTask", "NewTask\NewTask.csproj", "{5D76F9F5-546B-4316-931F-968C07CCEDA5}"
EndProject
Project("{9A19103F-16F7-4668-BE54-9A1E7A4F7556}") = "Worker", "Worker\Worker.csproj", "{07F65EAA-0FEC-4915-A4B4-EA2C1A7EAC3E}"
EndProject
Project("{9A19103F-16F7-4668-BE54-9A1E7A4F7556}") = "EmitLog", "EmitLog\EmitLog.csproj", "{8CFD9C5C-034F-40F9-BB31-EDAB5B342027}"
EndProject
Project("{9A19103F-16F7-4668-BE54-9A1E7A4F7556}") = "ReceiveLogs", "ReceiveLogs\ReceiveLogs.csproj", "{61124CD7-C851-4AB2-9809-0B4B6D3CD64B}"
EndProject
Project("{FAE04EC0-301F-11D3-BF4B-00C04F79EFBC}") = "EmitLogDirect", "EmitLogDirect\EmitLogDirect.csproj", "{1A7FA84C-5687-457D-A50B-0ABD530A6777}"
EndProject
Project("{FAE04EC0-301F-11D3-BF4B-00C04F79EFBC}") = "ReceiveLogsDirect", "ReceiveLogsDirect\ReceiveLogsDirect.csproj", "{200EB607-1F70-4937-AE13-E698B4BDC270}"
EndProject
Project("{2150E333-8FDC-42A3-9474-1A3956D46DE8}") = "000", "000", "{AFF4393B-E761-4D8A-8636-D428159C0F49}"
EndProject
Global
	GlobalSection(SolutionConfigurationPlatforms) = preSolution
		Debug|Any CPU = Debug|Any CPU
		Release|Any CPU = Release|Any CPU
	EndGlobalSection
	GlobalSection(ProjectConfigurationPlatforms) = postSolution
		{D0298B75-93D0-478D-B63F-F2C0DDD808AD}.Debug|Any CPU.ActiveCfg = Debug|Any CPU
		{D0298B75-93D0-478D-B63F-F2C0DDD808AD}.Debug|Any CPU.Build.0 = Debug|Any CPU
		{D0298B75-93D0-478D-B63F-F2C0DDD808AD}.Release|Any CPU.ActiveCfg = Release|Any CPU
		{D0298B75-93D0-478D-B63F-F2C0DDD808AD}.Release|Any CPU.Build.0 = Release|Any CPU
		{3429F1C5-D359-4C17-B492-2AFB73E5778E}.Debug|Any CPU.ActiveCfg = Debug|Any CPU
		{3429F1C5-D359-4C17-B492-2AFB73E5778E}.Debug|Any CPU.Build.0 = Debug|Any CPU
		{3429F1C5-D359-4C17-B492-2AFB73E5778E}.Release|Any CPU.ActiveCfg = Release|Any CPU
		{3429F1C5-D359-4C17-B492-2AFB73E5778E}.Release|Any CPU.Build.0 = Release|Any CPU
		{31A2785D-D7CD-465B-8A4E-A7A5227E2D5D}.Debug|Any CPU.ActiveCfg = Debug|Any CPU
		{31A2785D-D7CD-465B-8A4E-A7A5227E2D5D}.Debug|Any CPU.Build.0 = Debug|Any CPU
		{31A2785D-D7CD-465B-8A4E-A7A5227E2D5D}.Release|Any CPU.ActiveCfg = Release|Any CPU
		{31A2785D-D7CD-465B-8A4E-A7A5227E2D5D}.Release|Any CPU.Build.0 = Release|Any CPU
		{4E3F9D2D-E625-4A54-95EB-14880FD9DA8E}.Debug|Any CPU.ActiveCfg = Debug|Any CPU
		{4E3F9D2D-E625-4A54-95EB-14880FD9DA8E}.Debug|Any CPU.Build.0 = Debug|Any CPU
		{4E3F9D2D-E625-4A54-95EB-14880FD9DA8E}.Release|Any CPU.ActiveCfg = Release|Any CPU
		{4E3F9D2D-E625-4A54-95EB-14880FD9DA8E}.Release|Any CPU.Build.0 = Release|Any CPU
		{5D76F9F5-546B-4316-931F-968C07CCEDA5}.Debug|Any CPU.ActiveCfg = Debug|Any CPU
		{5D76F9F5-546B-4316-931F-968C07CCEDA5}.Debug|Any CPU.Build.0 = Debug|Any CPU
		{5D76F9F5-546B-4316-931F-968C07CCEDA5}.Release|Any CPU.ActiveCfg = Release|Any CPU
		{5D76F9F5-546B-4316-931F-968C07CCEDA5}.Release|Any CPU.Build.0 = Release|Any CPU
		{07F65EAA-0FEC-4915-A4B4-EA2C1A7EAC3E}.Debug|Any CPU.ActiveCfg = Debug|Any CPU
		{07F65EAA-0FEC-4915-A4B4-EA2C1A7EAC3E}.Debug|Any CPU.Build.0 = Debug|Any CPU
		{07F65EAA-0FEC-4915-A4B4-EA2C1A7EAC3E}.Release|Any CPU.ActiveCfg = Release|Any CPU
		{07F65EAA-0FEC-4915-A4B4-EA2C1A7EAC3E}.Release|Any CPU.Build.0 = Release|Any CPU
		{8CFD9C5C-034F-40F9-BB31-EDAB5B342027}.Debug|Any CPU.ActiveCfg = Debug|Any CPU
		{8CFD9C5C-034F-40F9-BB31-EDAB5B342027}.Debug|Any CPU.Build.0 = Debug|Any CPU
		{8CFD9C5C-034F-40F9-BB31-EDAB5B342027}.Release|Any CPU.ActiveCfg = Release|Any CPU
		{8CFD9C5C-034F-40F9-BB31-EDAB5B342027}.Release|Any CPU.Build.0 = Release|Any CPU
		{61124CD7-C851-4AB2-9809-0B4B6D3CD64B}.Debug|Any CPU.ActiveCfg = Debug|Any CPU
		{61124CD7-C851-4AB2-9809-0B4B6D3CD64B}.Debug|Any CPU.Build.0 = Debug|Any CPU
		{61124CD7-C851-4AB2-9809-0B4B6D3CD64B}.Release|Any CPU.ActiveCfg = Release|Any CPU
		{61124CD7-C851-4AB2-9809-0B4B6D3CD64B}.Release|Any CPU.Build.0 = Release|Any CPU
		{1A7FA84C-5687-457D-A50B-0ABD530A6777}.Debug|Any CPU.ActiveCfg = Debug|Any CPU
		{1A7FA84C-5687-457D-A50B-0ABD530A6777}.Debug|Any CPU.Build.0 = Debug|Any CPU
		{1A7FA84C-5687-457D-A50B-0ABD530A6777}.Release|Any CPU.ActiveCfg = Release|Any CPU
		{1A7FA84C-5687-457D-A50B-0ABD530A6777}.Release|Any CPU.Build.0 = Release|Any CPU
		{200EB607-1F70-4937-AE13-E698B4BDC270}.Debug|Any CPU.ActiveCfg = Debug|Any CPU
		{200EB607-1F70-4937-AE13-E698B4BDC270}.Debug|Any CPU.Build.0 = Debug|Any CPU
		{200EB607-1F70-4937-AE13-E698B4BDC270}.Release|Any CPU.ActiveCfg = Release|Any CPU
		{200EB607-1F70-4937-AE13-E698B4BDC270}.Release|Any CPU.Build.0 = Release|Any CPU
	EndGlobalSection
	GlobalSection(SolutionProperties) = preSolution
		HideSolutionNode = FALSE
	EndGlobalSection
	GlobalSection(NestedProjects) = preSolution
		{D0298B75-93D0-478D-B63F-F2C0DDD808AD} = {AFF4393B-E761-4D8A-8636-D428159C0F49}
		{3429F1C5-D359-4C17-B492-2AFB73E5778E} = {AFF4393B-E761-4D8A-8636-D428159C0F49}
		{31A2785D-D7CD-465B-8A4E-A7A5227E2D5D} = {E2224AF6-14B4-4851-88C3-7E329051C1B4}
		{4E3F9D2D-E625-4A54-95EB-14880FD9DA8E} = {E2224AF6-14B4-4851-88C3-7E329051C1B4}
		{5D76F9F5-546B-4316-931F-968C07CCEDA5} = {1637B037-3EF9-438F-B780-6FC0ADBE8088}
		{07F65EAA-0FEC-4915-A4B4-EA2C1A7EAC3E} = {1637B037-3EF9-438F-B780-6FC0ADBE8088}
		{8CFD9C5C-034F-40F9-BB31-EDAB5B342027} = {258C24DD-E81D-4499-845F-E5330D3D4FD2}
		{61124CD7-C851-4AB2-9809-0B4B6D3CD64B} = {258C24DD-E81D-4499-845F-E5330D3D4FD2}
		{1A7FA84C-5687-457D-A50B-0ABD530A6777} = {0B6BFA00-BEAE-4B1F-A35F-C6DFF3126D16}
		{200EB607-1F70-4937-AE13-E698B4BDC270} = {0B6BFA00-BEAE-4B1F-A35F-C6DFF3126D16}
	EndGlobalSection
	GlobalSection(ExtensibilityGlobals) = postSolution
		SolutionGuid = {7C14C630-4B03-4534-ABD8-7066AF62889E}
	EndGlobalSection
EndGlobal
